<?xml version="1.0" encoding="utf-8"?>
<Project ToolsVersion="4.0" xmlns="http://schemas.microsoft.com/developer/msbuild/2003">
  <ItemGroup>
    <Filter Include="src">
      <UniqueIdentifier>{2DAB880B-99B4-887C-2230-9F7C8E38947C}</UniqueIdentifier>
    </Filter>
    <Filter Include="src\Platform">
      <UniqueIdentifier>{21CA02E5-0D2D-9289-B6B2-CA3FA2F45D0C}</UniqueIdentifier>
    </Filter>
    <Filter Include="src\Platform\OpenGL">
      <UniqueIdentifier>{35A49437-A105-7245-2A73-B8F796D3A804}</UniqueIdentifier>
    </Filter>
    <Filter Include="src\Platform\Windows">
      <UniqueIdentifier>{5B054582-4794-CE4B-F0B2-E246DC20DFF1}</UniqueIdentifier>
    </Filter>
    <Filter Include="src\Strand">
      <UniqueIdentifier>{08534D2F-F40A-8F7C-5D12-68D849E9296D}</UniqueIdentifier>
    </Filter>
    <Filter Include="src\Strand\Core">
      <UniqueIdentifier>{609CBB79-CC27-293E-D538-AC324143853E}</UniqueIdentifier>
    </Filter>
    <Filter Include="src\Strand\Debug">
      <UniqueIdentifier>{7E833BB1-6A7C-5A03-93AE-3F887F063A0F}</UniqueIdentifier>
    </Filter>
    <Filter Include="src\Strand\Events">
      <UniqueIdentifier>{EC4536DC-585C-3472-A1D3-BF930D2905FA}</UniqueIdentifier>
    </Filter>
    <Filter Include="src\Strand\ImGui">
      <UniqueIdentifier>{32EE99B1-1EE7-B803-4719-9E883371980F}</UniqueIdentifier>
    </Filter>
    <Filter Include="src\Strand\Math">
      <UniqueIdentifier>{E1DCC079-4D68-2E3E-5679-B132C2838A3E}</UniqueIdentifier>
    </Filter>
    <Filter Include="src\Strand\Renderer">
      <UniqueIdentifier>{AE7FDAB9-1AE1-B7C7-A34E-FE790FAFEE86}</UniqueIdentifier>
    </Filter>
    <Filter Include="src\Strand\Scene">
      <UniqueIdentifier>{25E649B2-11DF-6804-3A11-4E8926694810}</UniqueIdentifier>
    </Filter>
    <Filter Include="src\Strand\Utils">
      <UniqueIdentifier>{687A77B2-5473-9604-7DA5-7B8969FD7510}</UniqueIdentifier>
    </Filter>
    <Filter Include="vendor">
      <UniqueIdentifier>{B3738122-9F15-ACF8-88D0-BF4C74113349}</UniqueIdentifier>
    </Filter>
    <Filter Include="vendor\ImGuizmo">
      <UniqueIdentifier>{73BF7F4C-DF4A-ED10-E85B-700554664911}</UniqueIdentifier>
    </Filter>
    <Filter Include="vendor\glm">
      <UniqueIdentifier>{829FC5A8-6E57-07F6-D75E-E051C335A2E6}</UniqueIdentifier>
    </Filter>
    <Filter Include="vendor\glm\glm">
      <UniqueIdentifier>{D11AC9C9-BDE8-BCCF-A67C-2DF692E99834}</UniqueIdentifier>
    </Filter>
    <Filter Include="vendor\glm\glm\detail">
      <UniqueIdentifier>{739DA071-DF09-5C6C-A8FD-F3C914297ED4}</UniqueIdentifier>
    </Filter>
    <Filter Include="vendor\glm\glm\ext">
      <UniqueIdentifier>{B19EA76B-9D82-68C1-06E3-6214F2E55243}</UniqueIdentifier>
    </Filter>
    <Filter Include="vendor\glm\glm\gtc">
      <UniqueIdentifier>{9EA6A76B-8A8A-68C1-F3EA-6214DFED5243}</UniqueIdentifier>
    </Filter>
    <Filter Include="vendor\glm\glm\gtx">
      <UniqueIdentifier>{B3A6A76B-9F8A-68C1-08EB-6214F4ED5243}</UniqueIdentifier>
    </Filter>
    <Filter Include="vendor\stb_image">
      <UniqueIdentifier>{0DA0BA59-F998-D9AB-22CB-BE300E23B9B7}</UniqueIdentifier>
    </Filter>
  </ItemGroup>
  <ItemGroup>
    <ClInclude Include="src\Platform\OpenGL\OpenGLBuffer.h">
      <Filter>src\Platform\OpenGL</Filter>
    </ClInclude>
    <ClInclude Include="src\Platform\OpenGL\OpenGLContext.h">
      <Filter>src\Platform\OpenGL</Filter>
    </ClInclude>
    <ClInclude Include="src\Platform\OpenGL\OpenGLFramebuffer.h">
      <Filter>src\Platform\OpenGL</Filter>
    </ClInclude>
    <ClInclude Include="src\Platform\OpenGL\OpenGLRendererAPI.h">
      <Filter>src\Platform\OpenGL</Filter>
    </ClInclude>
    <ClInclude Include="src\Platform\OpenGL\OpenGLShader.h">
      <Filter>src\Platform\OpenGL</Filter>
    </ClInclude>
    <ClInclude Include="src\Platform\OpenGL\OpenGLTexture.h">
      <Filter>src\Platform\OpenGL</Filter>
    </ClInclude>
    <ClInclude Include="src\Platform\OpenGL\OpenGLTextureLoader.h">
      <Filter>src\Platform\OpenGL</Filter>
    </ClInclude>
    <ClInclude Include="src\Platform\OpenGL\OpenGLUniformBuffer.h">
      <Filter>src\Platform\OpenGL</Filter>
    </ClInclude>
    <ClInclude Include="src\Platform\OpenGL\OpenGLVertexArray.h">
      <Filter>src\Platform\OpenGL</Filter>
    </ClInclude>
    <ClInclude Include="src\Platform\Windows\WindowsWindow.h">
      <Filter>src\Platform\Windows</Filter>
    </ClInclude>
    <ClInclude Include="src\Strand.h">
      <Filter>src</Filter>
    </ClInclude>
    <ClInclude Include="src\Strand\Core\Application.h">
      <Filter>src\Strand\Core</Filter>
    </ClInclude>
    <ClInclude Include="src\Strand\Core\Assert.h">
      <Filter>src\Strand\Core</Filter>
    </ClInclude>
    <ClInclude Include="src\Strand\Core\Base.h">
      <Filter>src\Strand\Core</Filter>
    </ClInclude>
    <ClInclude Include="src\Strand\Core\EntryPoint.h">
      <Filter>src\Strand\Core</Filter>
    </ClInclude>
    <ClInclude Include="src\Strand\Core\KeyCodes.h">
      <Filter>src\Strand\Core</Filter>
    </ClInclude>
    <ClInclude Include="src\Strand\Core\Layer.h">
      <Filter>src\Strand\Core</Filter>
    </ClInclude>
    <ClInclude Include="src\Strand\Core\LayerStack.h">
      <Filter>src\Strand\Core</Filter>
    </ClInclude>
    <ClInclude Include="src\Strand\Core\Log.h">
      <Filter>src\Strand\Core</Filter>
    </ClInclude>
    <ClInclude Include="src\Strand\Core\MouseCodes.h">
      <Filter>src\Strand\Core</Filter>
    </ClInclude>
    <ClInclude Include="src\Strand\Core\PlatformDetection.h">
      <Filter>src\Strand\Core</Filter>
    </ClInclude>
    <ClInclude Include="src\Strand\Core\Timer.h">
      <Filter>src\Strand\Core</Filter>
    </ClInclude>
    <ClInclude Include="src\Strand\Core\Timestep.h">
      <Filter>src\Strand\Core</Filter>
    </ClInclude>
    <ClInclude Include="src\Strand\Core\UUID.h">
      <Filter>src\Strand\Core</Filter>
    </ClInclude>
    <ClInclude Include="src\Strand\Core\Window.h">
      <Filter>src\Strand\Core</Filter>
    </ClInclude>
    <ClInclude Include="src\Strand\Core\input.h">
      <Filter>src\Strand\Core</Filter>
    </ClInclude>
    <ClInclude Include="src\Strand\Debug\Instrumentor.h">
      <Filter>src\Strand\Debug</Filter>
    </ClInclude>
    <ClInclude Include="src\Strand\Events\ApplicationEvent.h">
      <Filter>src\Strand\Events</Filter>
    </ClInclude>
    <ClInclude Include="src\Strand\Events\Event.h">
      <Filter>src\Strand\Events</Filter>
    </ClInclude>
    <ClInclude Include="src\Strand\Events\KeyEvent.h">
      <Filter>src\Strand\Events</Filter>
    </ClInclude>
    <ClInclude Include="src\Strand\Events\MouseEvent.h">
      <Filter>src\Strand\Events</Filter>
    </ClInclude>
    <ClInclude Include="src\Strand\ImGui\ImGuiLayer.h">
      <Filter>src\Strand\ImGui</Filter>
    </ClInclude>
    <ClInclude Include="src\Strand\Math\Math.h">
      <Filter>src\Strand\Math</Filter>
    </ClInclude>
    <ClInclude Include="src\Strand\Renderer\Buffer.h">
      <Filter>src\Strand\Renderer</Filter>
    </ClInclude>
    <ClInclude Include="src\Strand\Renderer\Camera.h">
      <Filter>src\Strand\Renderer</Filter>
    </ClInclude>
    <ClInclude Include="src\Strand\Renderer\EditorCamera.h">
      <Filter>src\Strand\Renderer</Filter>
    </ClInclude>
    <ClInclude Include="src\Strand\Renderer\Framebuffer.h">
      <Filter>src\Strand\Renderer</Filter>
    </ClInclude>
    <ClInclude Include="src\Strand\Renderer\GraphicsContext.h">
      <Filter>src\Strand\Renderer</Filter>
    </ClInclude>
    <ClInclude Include="src\Strand\Renderer\Material.h">
      <Filter>src\Strand\Renderer</Filter>
    </ClInclude>
    <ClInclude Include="src\Strand\Renderer\MaterialLibrary.h">
      <Filter>src\Strand\Renderer</Filter>
    </ClInclude>
    <ClInclude Include="src\Strand\Renderer\Mesh.h">
      <Filter>src\Strand\Renderer</Filter>
    </ClInclude>
    <ClInclude Include="src\Strand\Renderer\Model.h">
      <Filter>src\Strand\Renderer</Filter>
    </ClInclude>
    <ClInclude Include="src\Strand\Renderer\OrthographicCamera.h">
      <Filter>src\Strand\Renderer</Filter>
    </ClInclude>
    <ClInclude Include="src\Strand\Renderer\OrthographicCameraController.h">
      <Filter>src\Strand\Renderer</Filter>
    </ClInclude>
    <ClInclude Include="src\Strand\Renderer\RenderCommand.h">
      <Filter>src\Strand\Renderer</Filter>
    </ClInclude>
    <ClInclude Include="src\Strand\Renderer\Renderer.h">
      <Filter>src\Strand\Renderer</Filter>
    </ClInclude>
    <ClInclude Include="src\Strand\Renderer\Renderer2D.h">
      <Filter>src\Strand\Renderer</Filter>
    </ClInclude>
    <ClInclude Include="src\Strand\Renderer\Renderer3D.h">
      <Filter>src\Strand\Renderer</Filter>
    </ClInclude>
    <ClInclude Include="src\Strand\Renderer\RendererAPI.h">
      <Filter>src\Strand\Renderer</Filter>
    </ClInclude>
    <ClInclude Include="src\Strand\Renderer\Shader.h">
      <Filter>src\Strand\Renderer</Filter>
    </ClInclude>
    <ClInclude Include="src\Strand\Renderer\Texture.h">
      <Filter>src\Strand\Renderer</Filter>
    </ClInclude>
    <ClInclude Include="src\Strand\Renderer\UniformBuffer.h">
      <Filter>src\Strand\Renderer</Filter>
    </ClInclude>
    <ClInclude Include="src\Strand\Renderer\VertexArray.h">
      <Filter>src\Strand\Renderer</Filter>
    </ClInclude>
    <ClInclude Include="src\Strand\Scene\Components.h">
      <Filter>src\Strand\Scene</Filter>
    </ClInclude>
    <ClInclude Include="src\Strand\Scene\Entity.h">
      <Filter>src\Strand\Scene</Filter>
    </ClInclude>
    <ClInclude Include="src\Strand\Scene\Scene.h">
      <Filter>src\Strand\Scene</Filter>
    </ClInclude>
    <ClInclude Include="src\Strand\Scene\SceneCamera.h">
      <Filter>src\Strand\Scene</Filter>
    </ClInclude>
    <ClInclude Include="src\Strand\Scene\SceneSerializer.h">
      <Filter>src\Strand\Scene</Filter>
    </ClInclude>
    <ClInclude Include="src\Strand\Scene\ScriptableEntity.h">
      <Filter>src\Strand\Scene</Filter>
    </ClInclude>
    <ClInclude Include="src\Strand\Utils\PlatformUtils.h">
      <Filter>src\Strand\Utils</Filter>
    </ClInclude>
    <ClInclude Include="src\sdpch.h">
      <Filter>src</Filter>
    </ClInclude>
    <ClInclude Include="vendor\ImGuizmo\ImGuizmo.h">
      <Filter>vendor\ImGuizmo</Filter>
    </ClInclude>
    <ClInclude Include="vendor\glm\glm\common.hpp">
      <Filter>vendor\glm\glm</Filter>
    </ClInclude>
    <ClInclude Include="vendor\glm\glm\detail\_features.hpp">
      <Filter>vendor\glm\glm\detail</Filter>
    </ClInclude>
    <ClInclude Include="vendor\glm\glm\detail\_fixes.hpp">
      <Filter>vendor\glm\glm\detail</Filter>
    </ClInclude>
    <ClInclude Include="vendor\glm\glm\detail\_noise.hpp">
      <Filter>vendor\glm\glm\detail</Filter>
    </ClInclude>
    <ClInclude Include="vendor\glm\glm\detail\_swizzle.hpp">
      <Filter>vendor\glm\glm\detail</Filter>
    </ClInclude>
    <ClInclude Include="vendor\glm\glm\detail\_swizzle_func.hpp">
      <Filter>vendor\glm\glm\detail</Filter>
    </ClInclude>
    <ClInclude Include="vendor\glm\glm\detail\_vectorize.hpp">
      <Filter>vendor\glm\glm\detail</Filter>
    </ClInclude>
    <ClInclude Include="vendor\glm\glm\detail\compute_common.hpp">
      <Filter>vendor\glm\glm\detail</Filter>
    </ClInclude>
    <ClInclude Include="vendor\glm\glm\detail\compute_vector_decl.hpp">
      <Filter>vendor\glm\glm\detail</Filter>
    </ClInclude>
    <ClInclude Include="vendor\glm\glm\detail\compute_vector_relational.hpp">
      <Filter>vendor\glm\glm\detail</Filter>
    </ClInclude>
    <ClInclude Include="vendor\glm\glm\detail\func_common.inl">
      <Filter>vendor\glm\glm\detail</Filter>
    </ClInclude>
    <ClInclude Include="vendor\glm\glm\detail\func_common_simd.inl">
      <Filter>vendor\glm\glm\detail</Filter>
    </ClInclude>
    <ClInclude Include="vendor\glm\glm\detail\func_exponential.inl">
      <Filter>vendor\glm\glm\detail</Filter>
    </ClInclude>
    <ClInclude Include="vendor\glm\glm\detail\func_exponential_simd.inl">
      <Filter>vendor\glm\glm\detail</Filter>
    </ClInclude>
    <ClInclude Include="vendor\glm\glm\detail\func_geometric.inl">
      <Filter>vendor\glm\glm\detail</Filter>
    </ClInclude>
    <ClInclude Include="vendor\glm\glm\detail\func_geometric_simd.inl">
      <Filter>vendor\glm\glm\detail</Filter>
    </ClInclude>
    <ClInclude Include="vendor\glm\glm\detail\func_integer.inl">
      <Filter>vendor\glm\glm\detail</Filter>
    </ClInclude>
    <ClInclude Include="vendor\glm\glm\detail\func_integer_simd.inl">
      <Filter>vendor\glm\glm\detail</Filter>
    </ClInclude>
    <ClInclude Include="vendor\glm\glm\detail\func_matrix.inl">
      <Filter>vendor\glm\glm\detail</Filter>
    </ClInclude>
    <ClInclude Include="vendor\glm\glm\detail\func_matrix_simd.inl">
      <Filter>vendor\glm\glm\detail</Filter>
    </ClInclude>
    <ClInclude Include="vendor\glm\glm\detail\func_packing.inl">
      <Filter>vendor\glm\glm\detail</Filter>
    </ClInclude>
    <ClInclude Include="vendor\glm\glm\detail\func_packing_simd.inl">
      <Filter>vendor\glm\glm\detail</Filter>
    </ClInclude>
    <ClInclude Include="vendor\glm\glm\detail\func_trigonometric.inl">
      <Filter>vendor\glm\glm\detail</Filter>
    </ClInclude>
    <ClInclude Include="vendor\glm\glm\detail\func_trigonometric_simd.inl">
      <Filter>vendor\glm\glm\detail</Filter>
    </ClInclude>
    <ClInclude Include="vendor\glm\glm\detail\func_vector_relational.inl">
      <Filter>vendor\glm\glm\detail</Filter>
    </ClInclude>
    <ClInclude Include="vendor\glm\glm\detail\func_vector_relational_simd.inl">
      <Filter>vendor\glm\glm\detail</Filter>
    </ClInclude>
    <ClInclude Include="vendor\glm\glm\detail\qualifier.hpp">
      <Filter>vendor\glm\glm\detail</Filter>
    </ClInclude>
    <ClInclude Include="vendor\glm\glm\detail\setup.hpp">
      <Filter>vendor\glm\glm\detail</Filter>
    </ClInclude>
    <ClInclude Include="vendor\glm\glm\detail\type_float.hpp">
      <Filter>vendor\glm\glm\detail</Filter>
    </ClInclude>
    <ClInclude Include="vendor\glm\glm\detail\type_half.hpp">
      <Filter>vendor\glm\glm\detail</Filter>
    </ClInclude>
    <ClInclude Include="vendor\glm\glm\detail\type_half.inl">
      <Filter>vendor\glm\glm\detail</Filter>
    </ClInclude>
    <ClInclude Include="vendor\glm\glm\detail\type_mat2x2.hpp">
      <Filter>vendor\glm\glm\detail</Filter>
    </ClInclude>
    <ClInclude Include="vendor\glm\glm\detail\type_mat2x2.inl">
      <Filter>vendor\glm\glm\detail</Filter>
    </ClInclude>
    <ClInclude Include="vendor\glm\glm\detail\type_mat2x3.hpp">
      <Filter>vendor\glm\glm\detail</Filter>
    </ClInclude>
    <ClInclude Include="vendor\glm\glm\detail\type_mat2x3.inl">
      <Filter>vendor\glm\glm\detail</Filter>
    </ClInclude>
    <ClInclude Include="vendor\glm\glm\detail\type_mat2x4.hpp">
      <Filter>vendor\glm\glm\detail</Filter>
    </ClInclude>
    <ClInclude Include="vendor\glm\glm\detail\type_mat2x4.inl">
      <Filter>vendor\glm\glm\detail</Filter>
    </ClInclude>
    <ClInclude Include="vendor\glm\glm\detail\type_mat3x2.hpp">
      <Filter>vendor\glm\glm\detail</Filter>
    </ClInclude>
    <ClInclude Include="vendor\glm\glm\detail\type_mat3x2.inl">
      <Filter>vendor\glm\glm\detail</Filter>
    </ClInclude>
    <ClInclude Include="vendor\glm\glm\detail\type_mat3x3.hpp">
      <Filter>vendor\glm\glm\detail</Filter>
    </ClInclude>
    <ClInclude Include="vendor\glm\glm\detail\type_mat3x3.inl">
      <Filter>vendor\glm\glm\detail</Filter>
    </ClInclude>
    <ClInclude Include="vendor\glm\glm\detail\type_mat3x4.hpp">
      <Filter>vendor\glm\glm\detail</Filter>
    </ClInclude>
    <ClInclude Include="vendor\glm\glm\detail\type_mat3x4.inl">
      <Filter>vendor\glm\glm\detail</Filter>
    </ClInclude>
    <ClInclude Include="vendor\glm\glm\detail\type_mat4x2.hpp">
      <Filter>vendor\glm\glm\detail</Filter>
    </ClInclude>
    <ClInclude Include="vendor\glm\glm\detail\type_mat4x2.inl">
      <Filter>vendor\glm\glm\detail</Filter>
    </ClInclude>
    <ClInclude Include="vendor\glm\glm\detail\type_mat4x3.hpp">
      <Filter>vendor\glm\glm\detail</Filter>
    </ClInclude>
    <ClInclude Include="vendor\glm\glm\detail\type_mat4x3.inl">
      <Filter>vendor\glm\glm\detail</Filter>
    </ClInclude>
    <ClInclude Include="vendor\glm\glm\detail\type_mat4x4.hpp">
      <Filter>vendor\glm\glm\detail</Filter>
    </ClInclude>
    <ClInclude Include="vendor\glm\glm\detail\type_mat4x4.inl">
      <Filter>vendor\glm\glm\detail</Filter>
    </ClInclude>
    <ClInclude Include="vendor\glm\glm\detail\type_mat4x4_simd.inl">
      <Filter>vendor\glm\glm\detail</Filter>
    </ClInclude>
    <ClInclude Include="vendor\glm\glm\detail\type_quat.hpp">
      <Filter>vendor\glm\glm\detail</Filter>
    </ClInclude>
    <ClInclude Include="vendor\glm\glm\detail\type_quat.inl">
      <Filter>vendor\glm\glm\detail</Filter>
    </ClInclude>
    <ClInclude Include="vendor\glm\glm\detail\type_quat_simd.inl">
      <Filter>vendor\glm\glm\detail</Filter>
    </ClInclude>
    <ClInclude Include="vendor\glm\glm\detail\type_vec1.hpp">
      <Filter>vendor\glm\glm\detail</Filter>
    </ClInclude>
    <ClInclude Include="vendor\glm\glm\detail\type_vec1.inl">
      <Filter>vendor\glm\glm\detail</Filter>
    </ClInclude>
    <ClInclude Include="vendor\glm\glm\detail\type_vec2.hpp">
      <Filter>vendor\glm\glm\detail</Filter>
    </ClInclude>
    <ClInclude Include="vendor\glm\glm\detail\type_vec2.inl">
      <Filter>vendor\glm\glm\detail</Filter>
    </ClInclude>
    <ClInclude Include="vendor\glm\glm\detail\type_vec3.hpp">
      <Filter>vendor\glm\glm\detail</Filter>
    </ClInclude>
    <ClInclude Include="vendor\glm\glm\detail\type_vec3.inl">
      <Filter>vendor\glm\glm\detail</Filter>
    </ClInclude>
    <ClInclude Include="vendor\glm\glm\detail\type_vec4.hpp">
      <Filter>vendor\glm\glm\detail</Filter>
    </ClInclude>
    <ClInclude Include="vendor\glm\glm\detail\type_vec4.inl">
      <Filter>vendor\glm\glm\detail</Filter>
    </ClInclude>
    <ClInclude Include="vendor\glm\glm\detail\type_vec_simd.inl">
      <Filter>vendor\glm\glm\detail</Filter>
    </ClInclude>
    <ClInclude Include="vendor\glm\glm\exponential.hpp">
      <Filter>vendor\glm\glm</Filter>
    </ClInclude>
    <ClInclude Include="vendor\glm\glm\ext.hpp">
      <Filter>vendor\glm\glm</Filter>
    </ClInclude>
    <ClInclude Include="vendor\glm\glm\ext\_matrix_vectorize.hpp">
      <Filter>vendor\glm\glm\ext</Filter>
    </ClInclude>
    <ClInclude Include="vendor\glm\glm\ext\matrix_clip_space.hpp">
      <Filter>vendor\glm\glm\ext</Filter>
    </ClInclude>
    <ClInclude Include="vendor\glm\glm\ext\matrix_clip_space.inl">
      <Filter>vendor\glm\glm\ext</Filter>
    </ClInclude>
    <ClInclude Include="vendor\glm\glm\ext\matrix_common.hpp">
      <Filter>vendor\glm\glm\ext</Filter>
    </ClInclude>
    <ClInclude Include="vendor\glm\glm\ext\matrix_common.inl">
      <Filter>vendor\glm\glm\ext</Filter>
    </ClInclude>
    <ClInclude Include="vendor\glm\glm\ext\matrix_double2x2.hpp">
      <Filter>vendor\glm\glm\ext</Filter>
    </ClInclude>
    <ClInclude Include="vendor\glm\glm\ext\matrix_double2x2_precision.hpp">
      <Filter>vendor\glm\glm\ext</Filter>
    </ClInclude>
    <ClInclude Include="vendor\glm\glm\ext\matrix_double2x3.hpp">
      <Filter>vendor\glm\glm\ext</Filter>
    </ClInclude>
    <ClInclude Include="vendor\glm\glm\ext\matrix_double2x3_precision.hpp">
      <Filter>vendor\glm\glm\ext</Filter>
    </ClInclude>
    <ClInclude Include="vendor\glm\glm\ext\matrix_double2x4.hpp">
      <Filter>vendor\glm\glm\ext</Filter>
    </ClInclude>
    <ClInclude Include="vendor\glm\glm\ext\matrix_double2x4_precision.hpp">
      <Filter>vendor\glm\glm\ext</Filter>
    </ClInclude>
    <ClInclude Include="vendor\glm\glm\ext\matrix_double3x2.hpp">
      <Filter>vendor\glm\glm\ext</Filter>
    </ClInclude>
    <ClInclude Include="vendor\glm\glm\ext\matrix_double3x2_precision.hpp">
      <Filter>vendor\glm\glm\ext</Filter>
    </ClInclude>
    <ClInclude Include="vendor\glm\glm\ext\matrix_double3x3.hpp">
      <Filter>vendor\glm\glm\ext</Filter>
    </ClInclude>
    <ClInclude Include="vendor\glm\glm\ext\matrix_double3x3_precision.hpp">
      <Filter>vendor\glm\glm\ext</Filter>
    </ClInclude>
    <ClInclude Include="vendor\glm\glm\ext\matrix_double3x4.hpp">
      <Filter>vendor\glm\glm\ext</Filter>
    </ClInclude>
    <ClInclude Include="vendor\glm\glm\ext\matrix_double3x4_precision.hpp">
      <Filter>vendor\glm\glm\ext</Filter>
    </ClInclude>
    <ClInclude Include="vendor\glm\glm\ext\matrix_double4x2.hpp">
      <Filter>vendor\glm\glm\ext</Filter>
    </ClInclude>
    <ClInclude Include="vendor\glm\glm\ext\matrix_double4x2_precision.hpp">
      <Filter>vendor\glm\glm\ext</Filter>
    </ClInclude>
    <ClInclude Include="vendor\glm\glm\ext\matrix_double4x3.hpp">
      <Filter>vendor\glm\glm\ext</Filter>
    </ClInclude>
    <ClInclude Include="vendor\glm\glm\ext\matrix_double4x3_precision.hpp">
      <Filter>vendor\glm\glm\ext</Filter>
    </ClInclude>
    <ClInclude Include="vendor\glm\glm\ext\matrix_double4x4.hpp">
      <Filter>vendor\glm\glm\ext</Filter>
    </ClInclude>
    <ClInclude Include="vendor\glm\glm\ext\matrix_double4x4_precision.hpp">
      <Filter>vendor\glm\glm\ext</Filter>
    </ClInclude>
    <ClInclude Include="vendor\glm\glm\ext\matrix_float2x2.hpp">
      <Filter>vendor\glm\glm\ext</Filter>
    </ClInclude>
    <ClInclude Include="vendor\glm\glm\ext\matrix_float2x2_precision.hpp">
      <Filter>vendor\glm\glm\ext</Filter>
    </ClInclude>
    <ClInclude Include="vendor\glm\glm\ext\matrix_float2x3.hpp">
      <Filter>vendor\glm\glm\ext</Filter>
    </ClInclude>
    <ClInclude Include="vendor\glm\glm\ext\matrix_float2x3_precision.hpp">
      <Filter>vendor\glm\glm\ext</Filter>
    </ClInclude>
    <ClInclude Include="vendor\glm\glm\ext\matrix_float2x4.hpp">
      <Filter>vendor\glm\glm\ext</Filter>
    </ClInclude>
    <ClInclude Include="vendor\glm\glm\ext\matrix_float2x4_precision.hpp">
      <Filter>vendor\glm\glm\ext</Filter>
    </ClInclude>
    <ClInclude Include="vendor\glm\glm\ext\matrix_float3x2.hpp">
      <Filter>vendor\glm\glm\ext</Filter>
    </ClInclude>
    <ClInclude Include="vendor\glm\glm\ext\matrix_float3x2_precision.hpp">
      <Filter>vendor\glm\glm\ext</Filter>
    </ClInclude>
    <ClInclude Include="vendor\glm\glm\ext\matrix_float3x3.hpp">
      <Filter>vendor\glm\glm\ext</Filter>
    </ClInclude>
    <ClInclude Include="vendor\glm\glm\ext\matrix_float3x3_precision.hpp">
      <Filter>vendor\glm\glm\ext</Filter>
    </ClInclude>
    <ClInclude Include="vendor\glm\glm\ext\matrix_float3x4.hpp">
      <Filter>vendor\glm\glm\ext</Filter>
    </ClInclude>
    <ClInclude Include="vendor\glm\glm\ext\matrix_float3x4_precision.hpp">
      <Filter>vendor\glm\glm\ext</Filter>
    </ClInclude>
    <ClInclude Include="vendor\glm\glm\ext\matrix_float4x2.hpp">
      <Filter>vendor\glm\glm\ext</Filter>
    </ClInclude>
    <ClInclude Include="vendor\glm\glm\ext\matrix_float4x2_precision.hpp">
      <Filter>vendor\glm\glm\ext</Filter>
    </ClInclude>
    <ClInclude Include="vendor\glm\glm\ext\matrix_float4x3.hpp">
      <Filter>vendor\glm\glm\ext</Filter>
    </ClInclude>
    <ClInclude Include="vendor\glm\glm\ext\matrix_float4x3_precision.hpp">
      <Filter>vendor\glm\glm\ext</Filter>
    </ClInclude>
    <ClInclude Include="vendor\glm\glm\ext\matrix_float4x4.hpp">
      <Filter>vendor\glm\glm\ext</Filter>
    </ClInclude>
    <ClInclude Include="vendor\glm\glm\ext\matrix_float4x4_precision.hpp">
      <Filter>vendor\glm\glm\ext</Filter>
    </ClInclude>
    <ClInclude Include="vendor\glm\glm\ext\matrix_int2x2.hpp">
      <Filter>vendor\glm\glm\ext</Filter>
    </ClInclude>
    <ClInclude Include="vendor\glm\glm\ext\matrix_int2x2_sized.hpp">
      <Filter>vendor\glm\glm\ext</Filter>
    </ClInclude>
    <ClInclude Include="vendor\glm\glm\ext\matrix_int2x3.hpp">
      <Filter>vendor\glm\glm\ext</Filter>
    </ClInclude>
    <ClInclude Include="vendor\glm\glm\ext\matrix_int2x3_sized.hpp">
      <Filter>vendor\glm\glm\ext</Filter>
    </ClInclude>
    <ClInclude Include="vendor\glm\glm\ext\matrix_int2x4.hpp">
      <Filter>vendor\glm\glm\ext</Filter>
    </ClInclude>
    <ClInclude Include="vendor\glm\glm\ext\matrix_int2x4_sized.hpp">
      <Filter>vendor\glm\glm\ext</Filter>
    </ClInclude>
    <ClInclude Include="vendor\glm\glm\ext\matrix_int3x2.hpp">
      <Filter>vendor\glm\glm\ext</Filter>
    </ClInclude>
    <ClInclude Include="vendor\glm\glm\ext\matrix_int3x2_sized.hpp">
      <Filter>vendor\glm\glm\ext</Filter>
    </ClInclude>
    <ClInclude Include="vendor\glm\glm\ext\matrix_int3x3.hpp">
      <Filter>vendor\glm\glm\ext</Filter>
    </ClInclude>
    <ClInclude Include="vendor\glm\glm\ext\matrix_int3x3_sized.hpp">
      <Filter>vendor\glm\glm\ext</Filter>
    </ClInclude>
    <ClInclude Include="vendor\glm\glm\ext\matrix_int3x4.hpp">
      <Filter>vendor\glm\glm\ext</Filter>
    </ClInclude>
    <ClInclude Include="vendor\glm\glm\ext\matrix_int3x4_sized.hpp">
      <Filter>vendor\glm\glm\ext</Filter>
    </ClInclude>
    <ClInclude Include="vendor\glm\glm\ext\matrix_int4x2.hpp">
      <Filter>vendor\glm\glm\ext</Filter>
    </ClInclude>
    <ClInclude Include="vendor\glm\glm\ext\matrix_int4x2_sized.hpp">
      <Filter>vendor\glm\glm\ext</Filter>
    </ClInclude>
    <ClInclude Include="vendor\glm\glm\ext\matrix_int4x3.hpp">
      <Filter>vendor\glm\glm\ext</Filter>
    </ClInclude>
    <ClInclude Include="vendor\glm\glm\ext\matrix_int4x3_sized.hpp">
      <Filter>vendor\glm\glm\ext</Filter>
    </ClInclude>
    <ClInclude Include="vendor\glm\glm\ext\matrix_int4x4.hpp">
      <Filter>vendor\glm\glm\ext</Filter>
    </ClInclude>
    <ClInclude Include="vendor\glm\glm\ext\matrix_int4x4_sized.hpp">
      <Filter>vendor\glm\glm\ext</Filter>
    </ClInclude>
    <ClInclude Include="vendor\glm\glm\ext\matrix_integer.hpp">
      <Filter>vendor\glm\glm\ext</Filter>
    </ClInclude>
    <ClInclude Include="vendor\glm\glm\ext\matrix_integer.inl">
      <Filter>vendor\glm\glm\ext</Filter>
    </ClInclude>
    <ClInclude Include="vendor\glm\glm\ext\matrix_projection.hpp">
      <Filter>vendor\glm\glm\ext</Filter>
    </ClInclude>
    <ClInclude Include="vendor\glm\glm\ext\matrix_projection.inl">
      <Filter>vendor\glm\glm\ext</Filter>
    </ClInclude>
    <ClInclude Include="vendor\glm\glm\ext\matrix_relational.hpp">
      <Filter>vendor\glm\glm\ext</Filter>
    </ClInclude>
    <ClInclude Include="vendor\glm\glm\ext\matrix_relational.inl">
      <Filter>vendor\glm\glm\ext</Filter>
    </ClInclude>
    <ClInclude Include="vendor\glm\glm\ext\matrix_transform.hpp">
      <Filter>vendor\glm\glm\ext</Filter>
    </ClInclude>
    <ClInclude Include="vendor\glm\glm\ext\matrix_transform.inl">
      <Filter>vendor\glm\glm\ext</Filter>
    </ClInclude>
    <ClInclude Include="vendor\glm\glm\ext\matrix_uint2x2.hpp">
      <Filter>vendor\glm\glm\ext</Filter>
    </ClInclude>
    <ClInclude Include="vendor\glm\glm\ext\matrix_uint2x2_sized.hpp">
      <Filter>vendor\glm\glm\ext</Filter>
    </ClInclude>
    <ClInclude Include="vendor\glm\glm\ext\matrix_uint2x3.hpp">
      <Filter>vendor\glm\glm\ext</Filter>
    </ClInclude>
    <ClInclude Include="vendor\glm\glm\ext\matrix_uint2x3_sized.hpp">
      <Filter>vendor\glm\glm\ext</Filter>
    </ClInclude>
    <ClInclude Include="vendor\glm\glm\ext\matrix_uint2x4.hpp">
      <Filter>vendor\glm\glm\ext</Filter>
    </ClInclude>
    <ClInclude Include="vendor\glm\glm\ext\matrix_uint2x4_sized.hpp">
      <Filter>vendor\glm\glm\ext</Filter>
    </ClInclude>
    <ClInclude Include="vendor\glm\glm\ext\matrix_uint3x2.hpp">
      <Filter>vendor\glm\glm\ext</Filter>
    </ClInclude>
    <ClInclude Include="vendor\glm\glm\ext\matrix_uint3x2_sized.hpp">
      <Filter>vendor\glm\glm\ext</Filter>
    </ClInclude>
    <ClInclude Include="vendor\glm\glm\ext\matrix_uint3x3.hpp">
      <Filter>vendor\glm\glm\ext</Filter>
    </ClInclude>
    <ClInclude Include="vendor\glm\glm\ext\matrix_uint3x3_sized.hpp">
      <Filter>vendor\glm\glm\ext</Filter>
    </ClInclude>
    <ClInclude Include="vendor\glm\glm\ext\matrix_uint3x4.hpp">
      <Filter>vendor\glm\glm\ext</Filter>
    </ClInclude>
    <ClInclude Include="vendor\glm\glm\ext\matrix_uint3x4_sized.hpp">
      <Filter>vendor\glm\glm\ext</Filter>
    </ClInclude>
    <ClInclude Include="vendor\glm\glm\ext\matrix_uint4x2.hpp">
      <Filter>vendor\glm\glm\ext</Filter>
    </ClInclude>
    <ClInclude Include="vendor\glm\glm\ext\matrix_uint4x2_sized.hpp">
      <Filter>vendor\glm\glm\ext</Filter>
    </ClInclude>
    <ClInclude Include="vendor\glm\glm\ext\matrix_uint4x3.hpp">
      <Filter>vendor\glm\glm\ext</Filter>
    </ClInclude>
    <ClInclude Include="vendor\glm\glm\ext\matrix_uint4x3_sized.hpp">
      <Filter>vendor\glm\glm\ext</Filter>
    </ClInclude>
    <ClInclude Include="vendor\glm\glm\ext\matrix_uint4x4.hpp">
      <Filter>vendor\glm\glm\ext</Filter>
    </ClInclude>
    <ClInclude Include="vendor\glm\glm\ext\matrix_uint4x4_sized.hpp">
      <Filter>vendor\glm\glm\ext</Filter>
    </ClInclude>
    <ClInclude Include="vendor\glm\glm\ext\quaternion_common.hpp">
      <Filter>vendor\glm\glm\ext</Filter>
    </ClInclude>
    <ClInclude Include="vendor\glm\glm\ext\quaternion_common.inl">
      <Filter>vendor\glm\glm\ext</Filter>
    </ClInclude>
    <ClInclude Include="vendor\glm\glm\ext\quaternion_common_simd.inl">
      <Filter>vendor\glm\glm\ext</Filter>
    </ClInclude>
    <ClInclude Include="vendor\glm\glm\ext\quaternion_double.hpp">
      <Filter>vendor\glm\glm\ext</Filter>
    </ClInclude>
    <ClInclude Include="vendor\glm\glm\ext\quaternion_double_precision.hpp">
      <Filter>vendor\glm\glm\ext</Filter>
    </ClInclude>
    <ClInclude Include="vendor\glm\glm\ext\quaternion_exponential.hpp">
      <Filter>vendor\glm\glm\ext</Filter>
    </ClInclude>
    <ClInclude Include="vendor\glm\glm\ext\quaternion_exponential.inl">
      <Filter>vendor\glm\glm\ext</Filter>
    </ClInclude>
    <ClInclude Include="vendor\glm\glm\ext\quaternion_float.hpp">
      <Filter>vendor\glm\glm\ext</Filter>
    </ClInclude>
    <ClInclude Include="vendor\glm\glm\ext\quaternion_float_precision.hpp">
      <Filter>vendor\glm\glm\ext</Filter>
    </ClInclude>
    <ClInclude Include="vendor\glm\glm\ext\quaternion_geometric.hpp">
      <Filter>vendor\glm\glm\ext</Filter>
    </ClInclude>
    <ClInclude Include="vendor\glm\glm\ext\quaternion_geometric.inl">
      <Filter>vendor\glm\glm\ext</Filter>
    </ClInclude>
    <ClInclude Include="vendor\glm\glm\ext\quaternion_relational.hpp">
      <Filter>vendor\glm\glm\ext</Filter>
    </ClInclude>
    <ClInclude Include="vendor\glm\glm\ext\quaternion_relational.inl">
      <Filter>vendor\glm\glm\ext</Filter>
    </ClInclude>
    <ClInclude Include="vendor\glm\glm\ext\quaternion_transform.hpp">
      <Filter>vendor\glm\glm\ext</Filter>
    </ClInclude>
    <ClInclude Include="vendor\glm\glm\ext\quaternion_transform.inl">
      <Filter>vendor\glm\glm\ext</Filter>
    </ClInclude>
    <ClInclude Include="vendor\glm\glm\ext\quaternion_trigonometric.hpp">
      <Filter>vendor\glm\glm\ext</Filter>
    </ClInclude>
    <ClInclude Include="vendor\glm\glm\ext\quaternion_trigonometric.inl">
      <Filter>vendor\glm\glm\ext</Filter>
    </ClInclude>
    <ClInclude Include="vendor\glm\glm\ext\scalar_common.hpp">
      <Filter>vendor\glm\glm\ext</Filter>
    </ClInclude>
    <ClInclude Include="vendor\glm\glm\ext\scalar_common.inl">
      <Filter>vendor\glm\glm\ext</Filter>
    </ClInclude>
    <ClInclude Include="vendor\glm\glm\ext\scalar_constants.hpp">
      <Filter>vendor\glm\glm\ext</Filter>
    </ClInclude>
    <ClInclude Include="vendor\glm\glm\ext\scalar_constants.inl">
      <Filter>vendor\glm\glm\ext</Filter>
    </ClInclude>
    <ClInclude Include="vendor\glm\glm\ext\scalar_int_sized.hpp">
      <Filter>vendor\glm\glm\ext</Filter>
    </ClInclude>
    <ClInclude Include="vendor\glm\glm\ext\scalar_integer.hpp">
      <Filter>vendor\glm\glm\ext</Filter>
    </ClInclude>
    <ClInclude Include="vendor\glm\glm\ext\scalar_integer.inl">
      <Filter>vendor\glm\glm\ext</Filter>
    </ClInclude>
    <ClInclude Include="vendor\glm\glm\ext\scalar_packing.hpp">
      <Filter>vendor\glm\glm\ext</Filter>
    </ClInclude>
    <ClInclude Include="vendor\glm\glm\ext\scalar_packing.inl">
      <Filter>vendor\glm\glm\ext</Filter>
    </ClInclude>
    <ClInclude Include="vendor\glm\glm\ext\scalar_reciprocal.hpp">
      <Filter>vendor\glm\glm\ext</Filter>
    </ClInclude>
    <ClInclude Include="vendor\glm\glm\ext\scalar_reciprocal.inl">
      <Filter>vendor\glm\glm\ext</Filter>
    </ClInclude>
    <ClInclude Include="vendor\glm\glm\ext\scalar_relational.hpp">
      <Filter>vendor\glm\glm\ext</Filter>
    </ClInclude>
    <ClInclude Include="vendor\glm\glm\ext\scalar_relational.inl">
      <Filter>vendor\glm\glm\ext</Filter>
    </ClInclude>
    <ClInclude Include="vendor\glm\glm\ext\scalar_uint_sized.hpp">
      <Filter>vendor\glm\glm\ext</Filter>
    </ClInclude>
    <ClInclude Include="vendor\glm\glm\ext\scalar_ulp.hpp">
      <Filter>vendor\glm\glm\ext</Filter>
    </ClInclude>
    <ClInclude Include="vendor\glm\glm\ext\scalar_ulp.inl">
      <Filter>vendor\glm\glm\ext</Filter>
    </ClInclude>
    <ClInclude Include="vendor\glm\glm\ext\vector_bool1.hpp">
      <Filter>vendor\glm\glm\ext</Filter>
    </ClInclude>
    <ClInclude Include="vendor\glm\glm\ext\vector_bool1_precision.hpp">
      <Filter>vendor\glm\glm\ext</Filter>
    </ClInclude>
    <ClInclude Include="vendor\glm\glm\ext\vector_bool2.hpp">
      <Filter>vendor\glm\glm\ext</Filter>
    </ClInclude>
    <ClInclude Include="vendor\glm\glm\ext\vector_bool2_precision.hpp">
      <Filter>vendor\glm\glm\ext</Filter>
    </ClInclude>
    <ClInclude Include="vendor\glm\glm\ext\vector_bool3.hpp">
      <Filter>vendor\glm\glm\ext</Filter>
    </ClInclude>
    <ClInclude Include="vendor\glm\glm\ext\vector_bool3_precision.hpp">
      <Filter>vendor\glm\glm\ext</Filter>
    </ClInclude>
    <ClInclude Include="vendor\glm\glm\ext\vector_bool4.hpp">
      <Filter>vendor\glm\glm\ext</Filter>
    </ClInclude>
    <ClInclude Include="vendor\glm\glm\ext\vector_bool4_precision.hpp">
      <Filter>vendor\glm\glm\ext</Filter>
    </ClInclude>
    <ClInclude Include="vendor\glm\glm\ext\vector_common.hpp">
      <Filter>vendor\glm\glm\ext</Filter>
    </ClInclude>
    <ClInclude Include="vendor\glm\glm\ext\vector_common.inl">
      <Filter>vendor\glm\glm\ext</Filter>
    </ClInclude>
    <ClInclude Include="vendor\glm\glm\ext\vector_double1.hpp">
      <Filter>vendor\glm\glm\ext</Filter>
    </ClInclude>
    <ClInclude Include="vendor\glm\glm\ext\vector_double1_precision.hpp">
      <Filter>vendor\glm\glm\ext</Filter>
    </ClInclude>
    <ClInclude Include="vendor\glm\glm\ext\vector_double2.hpp">
      <Filter>vendor\glm\glm\ext</Filter>
    </ClInclude>
    <ClInclude Include="vendor\glm\glm\ext\vector_double2_precision.hpp">
      <Filter>vendor\glm\glm\ext</Filter>
    </ClInclude>
    <ClInclude Include="vendor\glm\glm\ext\vector_double3.hpp">
      <Filter>vendor\glm\glm\ext</Filter>
    </ClInclude>
    <ClInclude Include="vendor\glm\glm\ext\vector_double3_precision.hpp">
      <Filter>vendor\glm\glm\ext</Filter>
    </ClInclude>
    <ClInclude Include="vendor\glm\glm\ext\vector_double4.hpp">
      <Filter>vendor\glm\glm\ext</Filter>
    </ClInclude>
    <ClInclude Include="vendor\glm\glm\ext\vector_double4_precision.hpp">
      <Filter>vendor\glm\glm\ext</Filter>
    </ClInclude>
    <ClInclude Include="vendor\glm\glm\ext\vector_float1.hpp">
      <Filter>vendor\glm\glm\ext</Filter>
    </ClInclude>
    <ClInclude Include="vendor\glm\glm\ext\vector_float1_precision.hpp">
      <Filter>vendor\glm\glm\ext</Filter>
    </ClInclude>
    <ClInclude Include="vendor\glm\glm\ext\vector_float2.hpp">
      <Filter>vendor\glm\glm\ext</Filter>
    </ClInclude>
    <ClInclude Include="vendor\glm\glm\ext\vector_float2_precision.hpp">
      <Filter>vendor\glm\glm\ext</Filter>
    </ClInclude>
    <ClInclude Include="vendor\glm\glm\ext\vector_float3.hpp">
      <Filter>vendor\glm\glm\ext</Filter>
    </ClInclude>
    <ClInclude Include="vendor\glm\glm\ext\vector_float3_precision.hpp">
      <Filter>vendor\glm\glm\ext</Filter>
    </ClInclude>
    <ClInclude Include="vendor\glm\glm\ext\vector_float4.hpp">
      <Filter>vendor\glm\glm\ext</Filter>
    </ClInclude>
    <ClInclude Include="vendor\glm\glm\ext\vector_float4_precision.hpp">
      <Filter>vendor\glm\glm\ext</Filter>
    </ClInclude>
    <ClInclude Include="vendor\glm\glm\ext\vector_int1.hpp">
      <Filter>vendor\glm\glm\ext</Filter>
    </ClInclude>
    <ClInclude Include="vendor\glm\glm\ext\vector_int1_sized.hpp">
      <Filter>vendor\glm\glm\ext</Filter>
    </ClInclude>
    <ClInclude Include="vendor\glm\glm\ext\vector_int2.hpp">
      <Filter>vendor\glm\glm\ext</Filter>
    </ClInclude>
    <ClInclude Include="vendor\glm\glm\ext\vector_int2_sized.hpp">
      <Filter>vendor\glm\glm\ext</Filter>
    </ClInclude>
    <ClInclude Include="vendor\glm\glm\ext\vector_int3.hpp">
      <Filter>vendor\glm\glm\ext</Filter>
    </ClInclude>
    <ClInclude Include="vendor\glm\glm\ext\vector_int3_sized.hpp">
      <Filter>vendor\glm\glm\ext</Filter>
    </ClInclude>
    <ClInclude Include="vendor\glm\glm\ext\vector_int4.hpp">
      <Filter>vendor\glm\glm\ext</Filter>
    </ClInclude>
    <ClInclude Include="vendor\glm\glm\ext\vector_int4_sized.hpp">
      <Filter>vendor\glm\glm\ext</Filter>
    </ClInclude>
    <ClInclude Include="vendor\glm\glm\ext\vector_integer.hpp">
      <Filter>vendor\glm\glm\ext</Filter>
    </ClInclude>
    <ClInclude Include="vendor\glm\glm\ext\vector_integer.inl">
      <Filter>vendor\glm\glm\ext</Filter>
    </ClInclude>
    <ClInclude Include="vendor\glm\glm\ext\vector_packing.hpp">
      <Filter>vendor\glm\glm\ext</Filter>
    </ClInclude>
    <ClInclude Include="vendor\glm\glm\ext\vector_packing.inl">
      <Filter>vendor\glm\glm\ext</Filter>
    </ClInclude>
    <ClInclude Include="vendor\glm\glm\ext\vector_reciprocal.hpp">
      <Filter>vendor\glm\glm\ext</Filter>
    </ClInclude>
    <ClInclude Include="vendor\glm\glm\ext\vector_reciprocal.inl">
      <Filter>vendor\glm\glm\ext</Filter>
    </ClInclude>
    <ClInclude Include="vendor\glm\glm\ext\vector_relational.hpp">
      <Filter>vendor\glm\glm\ext</Filter>
    </ClInclude>
    <ClInclude Include="vendor\glm\glm\ext\vector_relational.inl">
      <Filter>vendor\glm\glm\ext</Filter>
    </ClInclude>
    <ClInclude Include="vendor\glm\glm\ext\vector_uint1.hpp">
      <Filter>vendor\glm\glm\ext</Filter>
    </ClInclude>
    <ClInclude Include="vendor\glm\glm\ext\vector_uint1_sized.hpp">
      <Filter>vendor\glm\glm\ext</Filter>
    </ClInclude>
    <ClInclude Include="vendor\glm\glm\ext\vector_uint2.hpp">
      <Filter>vendor\glm\glm\ext</Filter>
    </ClInclude>
    <ClInclude Include="vendor\glm\glm\ext\vector_uint2_sized.hpp">
      <Filter>vendor\glm\glm\ext</Filter>
    </ClInclude>
    <ClInclude Include="vendor\glm\glm\ext\vector_uint3.hpp">
      <Filter>vendor\glm\glm\ext</Filter>
    </ClInclude>
    <ClInclude Include="vendor\glm\glm\ext\vector_uint3_sized.hpp">
      <Filter>vendor\glm\glm\ext</Filter>
    </ClInclude>
    <ClInclude Include="vendor\glm\glm\ext\vector_uint4.hpp">
      <Filter>vendor\glm\glm\ext</Filter>
    </ClInclude>
    <ClInclude Include="vendor\glm\glm\ext\vector_uint4_sized.hpp">
      <Filter>vendor\glm\glm\ext</Filter>
    </ClInclude>
    <ClInclude Include="vendor\glm\glm\ext\vector_ulp.hpp">
      <Filter>vendor\glm\glm\ext</Filter>
    </ClInclude>
    <ClInclude Include="vendor\glm\glm\ext\vector_ulp.inl">
      <Filter>vendor\glm\glm\ext</Filter>
    </ClInclude>
    <ClInclude Include="vendor\glm\glm\fwd.hpp">
      <Filter>vendor\glm\glm</Filter>
    </ClInclude>
    <ClInclude Include="vendor\glm\glm\geometric.hpp">
      <Filter>vendor\glm\glm</Filter>
    </ClInclude>
    <ClInclude Include="vendor\glm\glm\glm.hpp">
      <Filter>vendor\glm\glm</Filter>
    </ClInclude>
    <ClInclude Include="vendor\glm\glm\gtc\bitfield.hpp">
      <Filter>vendor\glm\glm\gtc</Filter>
    </ClInclude>
    <ClInclude Include="vendor\glm\glm\gtc\bitfield.inl">
      <Filter>vendor\glm\glm\gtc</Filter>
    </ClInclude>
    <ClInclude Include="vendor\glm\glm\gtc\color_space.hpp">
      <Filter>vendor\glm\glm\gtc</Filter>
    </ClInclude>
    <ClInclude Include="vendor\glm\glm\gtc\color_space.inl">
      <Filter>vendor\glm\glm\gtc</Filter>
    </ClInclude>
    <ClInclude Include="vendor\glm\glm\gtc\constants.hpp">
      <Filter>vendor\glm\glm\gtc</Filter>
    </ClInclude>
    <ClInclude Include="vendor\glm\glm\gtc\constants.inl">
      <Filter>vendor\glm\glm\gtc</Filter>
    </ClInclude>
    <ClInclude Include="vendor\glm\glm\gtc\epsilon.hpp">
      <Filter>vendor\glm\glm\gtc</Filter>
    </ClInclude>
    <ClInclude Include="vendor\glm\glm\gtc\epsilon.inl">
      <Filter>vendor\glm\glm\gtc</Filter>
    </ClInclude>
    <ClInclude Include="vendor\glm\glm\gtc\integer.hpp">
      <Filter>vendor\glm\glm\gtc</Filter>
    </ClInclude>
    <ClInclude Include="vendor\glm\glm\gtc\integer.inl">
      <Filter>vendor\glm\glm\gtc</Filter>
    </ClInclude>
    <ClInclude Include="vendor\glm\glm\gtc\matrix_access.hpp">
      <Filter>vendor\glm\glm\gtc</Filter>
    </ClInclude>
    <ClInclude Include="vendor\glm\glm\gtc\matrix_access.inl">
      <Filter>vendor\glm\glm\gtc</Filter>
    </ClInclude>
    <ClInclude Include="vendor\glm\glm\gtc\matrix_integer.hpp">
      <Filter>vendor\glm\glm\gtc</Filter>
    </ClInclude>
    <ClInclude Include="vendor\glm\glm\gtc\matrix_inverse.hpp">
      <Filter>vendor\glm\glm\gtc</Filter>
    </ClInclude>
    <ClInclude Include="vendor\glm\glm\gtc\matrix_inverse.inl">
      <Filter>vendor\glm\glm\gtc</Filter>
    </ClInclude>
    <ClInclude Include="vendor\glm\glm\gtc\matrix_transform.hpp">
      <Filter>vendor\glm\glm\gtc</Filter>
    </ClInclude>
    <ClInclude Include="vendor\glm\glm\gtc\matrix_transform.inl">
      <Filter>vendor\glm\glm\gtc</Filter>
    </ClInclude>
    <ClInclude Include="vendor\glm\glm\gtc\noise.hpp">
      <Filter>vendor\glm\glm\gtc</Filter>
    </ClInclude>
    <ClInclude Include="vendor\glm\glm\gtc\noise.inl">
      <Filter>vendor\glm\glm\gtc</Filter>
    </ClInclude>
    <ClInclude Include="vendor\glm\glm\gtc\packing.hpp">
      <Filter>vendor\glm\glm\gtc</Filter>
    </ClInclude>
    <ClInclude Include="vendor\glm\glm\gtc\packing.inl">
      <Filter>vendor\glm\glm\gtc</Filter>
    </ClInclude>
    <ClInclude Include="vendor\glm\glm\gtc\quaternion.hpp">
      <Filter>vendor\glm\glm\gtc</Filter>
    </ClInclude>
    <ClInclude Include="vendor\glm\glm\gtc\quaternion.inl">
      <Filter>vendor\glm\glm\gtc</Filter>
    </ClInclude>
    <ClInclude Include="vendor\glm\glm\gtc\quaternion_simd.inl">
      <Filter>vendor\glm\glm\gtc</Filter>
    </ClInclude>
    <ClInclude Include="vendor\glm\glm\gtc\random.hpp">
      <Filter>vendor\glm\glm\gtc</Filter>
    </ClInclude>
    <ClInclude Include="vendor\glm\glm\gtc\random.inl">
      <Filter>vendor\glm\glm\gtc</Filter>
    </ClInclude>
    <ClInclude Include="vendor\glm\glm\gtc\reciprocal.hpp">
      <Filter>vendor\glm\glm\gtc</Filter>
    </ClInclude>
    <ClInclude Include="vendor\glm\glm\gtc\round.hpp">
      <Filter>vendor\glm\glm\gtc</Filter>
    </ClInclude>
    <ClInclude Include="vendor\glm\glm\gtc\round.inl">
      <Filter>vendor\glm\glm\gtc</Filter>
    </ClInclude>
    <ClInclude Include="vendor\glm\glm\gtc\type_aligned.hpp">
      <Filter>vendor\glm\glm\gtc</Filter>
    </ClInclude>
    <ClInclude Include="vendor\glm\glm\gtc\type_precision.hpp">
      <Filter>vendor\glm\glm\gtc</Filter>
    </ClInclude>
    <ClInclude Include="vendor\glm\glm\gtc\type_precision.inl">
      <Filter>vendor\glm\glm\gtc</Filter>
    </ClInclude>
    <ClInclude Include="vendor\glm\glm\gtc\type_ptr.hpp">
      <Filter>vendor\glm\glm\gtc</Filter>
    </ClInclude>
    <ClInclude Include="vendor\glm\glm\gtc\type_ptr.inl">
      <Filter>vendor\glm\glm\gtc</Filter>
    </ClInclude>
    <ClInclude Include="vendor\glm\glm\gtc\ulp.hpp">
      <Filter>vendor\glm\glm\gtc</Filter>
    </ClInclude>
    <ClInclude Include="vendor\glm\glm\gtc\ulp.inl">
      <Filter>vendor\glm\glm\gtc</Filter>
    </ClInclude>
    <ClInclude Include="vendor\glm\glm\gtc\vec1.hpp">
      <Filter>vendor\glm\glm\gtc</Filter>
    </ClInclude>
    <ClInclude Include="vendor\glm\glm\gtx\associated_min_max.hpp">
      <Filter>vendor\glm\glm\gtx</Filter>
    </ClInclude>
    <ClInclude Include="vendor\glm\glm\gtx\associated_min_max.inl">
      <Filter>vendor\glm\glm\gtx</Filter>
    </ClInclude>
    <ClInclude Include="vendor\glm\glm\gtx\bit.hpp">
      <Filter>vendor\glm\glm\gtx</Filter>
    </ClInclude>
    <ClInclude Include="vendor\glm\glm\gtx\bit.inl">
      <Filter>vendor\glm\glm\gtx</Filter>
    </ClInclude>
    <ClInclude Include="vendor\glm\glm\gtx\closest_point.hpp">
      <Filter>vendor\glm\glm\gtx</Filter>
    </ClInclude>
    <ClInclude Include="vendor\glm\glm\gtx\closest_point.inl">
      <Filter>vendor\glm\glm\gtx</Filter>
    </ClInclude>
    <ClInclude Include="vendor\glm\glm\gtx\color_encoding.hpp">
      <Filter>vendor\glm\glm\gtx</Filter>
    </ClInclude>
    <ClInclude Include="vendor\glm\glm\gtx\color_encoding.inl">
      <Filter>vendor\glm\glm\gtx</Filter>
    </ClInclude>
    <ClInclude Include="vendor\glm\glm\gtx\color_space.hpp">
      <Filter>vendor\glm\glm\gtx</Filter>
    </ClInclude>
    <ClInclude Include="vendor\glm\glm\gtx\color_space.inl">
      <Filter>vendor\glm\glm\gtx</Filter>
    </ClInclude>
    <ClInclude Include="vendor\glm\glm\gtx\color_space_YCoCg.hpp">
      <Filter>vendor\glm\glm\gtx</Filter>
    </ClInclude>
    <ClInclude Include="vendor\glm\glm\gtx\color_space_YCoCg.inl">
      <Filter>vendor\glm\glm\gtx</Filter>
    </ClInclude>
    <ClInclude Include="vendor\glm\glm\gtx\common.hpp">
      <Filter>vendor\glm\glm\gtx</Filter>
    </ClInclude>
    <ClInclude Include="vendor\glm\glm\gtx\common.inl">
      <Filter>vendor\glm\glm\gtx</Filter>
    </ClInclude>
    <ClInclude Include="vendor\glm\glm\gtx\compatibility.hpp">
      <Filter>vendor\glm\glm\gtx</Filter>
    </ClInclude>
    <ClInclude Include="vendor\glm\glm\gtx\compatibility.inl">
      <Filter>vendor\glm\glm\gtx</Filter>
    </ClInclude>
    <ClInclude Include="vendor\glm\glm\gtx\component_wise.hpp">
      <Filter>vendor\glm\glm\gtx</Filter>
    </ClInclude>
    <ClInclude Include="vendor\glm\glm\gtx\component_wise.inl">
      <Filter>vendor\glm\glm\gtx</Filter>
    </ClInclude>
    <ClInclude Include="vendor\glm\glm\gtx\dual_quaternion.hpp">
      <Filter>vendor\glm\glm\gtx</Filter>
    </ClInclude>
    <ClInclude Include="vendor\glm\glm\gtx\dual_quaternion.inl">
      <Filter>vendor\glm\glm\gtx</Filter>
    </ClInclude>
    <ClInclude Include="vendor\glm\glm\gtx\easing.hpp">
      <Filter>vendor\glm\glm\gtx</Filter>
    </ClInclude>
    <ClInclude Include="vendor\glm\glm\gtx\easing.inl">
      <Filter>vendor\glm\glm\gtx</Filter>
    </ClInclude>
    <ClInclude Include="vendor\glm\glm\gtx\euler_angles.hpp">
      <Filter>vendor\glm\glm\gtx</Filter>
    </ClInclude>
    <ClInclude Include="vendor\glm\glm\gtx\euler_angles.inl">
      <Filter>vendor\glm\glm\gtx</Filter>
    </ClInclude>
    <ClInclude Include="vendor\glm\glm\gtx\extend.hpp">
      <Filter>vendor\glm\glm\gtx</Filter>
    </ClInclude>
    <ClInclude Include="vendor\glm\glm\gtx\extend.inl">
      <Filter>vendor\glm\glm\gtx</Filter>
    </ClInclude>
    <ClInclude Include="vendor\glm\glm\gtx\extended_min_max.hpp">
      <Filter>vendor\glm\glm\gtx</Filter>
    </ClInclude>
    <ClInclude Include="vendor\glm\glm\gtx\extended_min_max.inl">
      <Filter>vendor\glm\glm\gtx</Filter>
    </ClInclude>
    <ClInclude Include="vendor\glm\glm\gtx\exterior_product.hpp">
      <Filter>vendor\glm\glm\gtx</Filter>
    </ClInclude>
    <ClInclude Include="vendor\glm\glm\gtx\exterior_product.inl">
      <Filter>vendor\glm\glm\gtx</Filter>
    </ClInclude>
    <ClInclude Include="vendor\glm\glm\gtx\fast_exponential.hpp">
      <Filter>vendor\glm\glm\gtx</Filter>
    </ClInclude>
    <ClInclude Include="vendor\glm\glm\gtx\fast_exponential.inl">
      <Filter>vendor\glm\glm\gtx</Filter>
    </ClInclude>
    <ClInclude Include="vendor\glm\glm\gtx\fast_square_root.hpp">
      <Filter>vendor\glm\glm\gtx</Filter>
    </ClInclude>
    <ClInclude Include="vendor\glm\glm\gtx\fast_square_root.inl">
      <Filter>vendor\glm\glm\gtx</Filter>
    </ClInclude>
    <ClInclude Include="vendor\glm\glm\gtx\fast_trigonometry.hpp">
      <Filter>vendor\glm\glm\gtx</Filter>
    </ClInclude>
    <ClInclude Include="vendor\glm\glm\gtx\fast_trigonometry.inl">
      <Filter>vendor\glm\glm\gtx</Filter>
    </ClInclude>
    <ClInclude Include="vendor\glm\glm\gtx\float_normalize.inl">
      <Filter>vendor\glm\glm\gtx</Filter>
    </ClInclude>
    <ClInclude Include="vendor\glm\glm\gtx\functions.hpp">
      <Filter>vendor\glm\glm\gtx</Filter>
    </ClInclude>
    <ClInclude Include="vendor\glm\glm\gtx\functions.inl">
      <Filter>vendor\glm\glm\gtx</Filter>
    </ClInclude>
    <ClInclude Include="vendor\glm\glm\gtx\gradient_paint.hpp">
      <Filter>vendor\glm\glm\gtx</Filter>
    </ClInclude>
    <ClInclude Include="vendor\glm\glm\gtx\gradient_paint.inl">
      <Filter>vendor\glm\glm\gtx</Filter>
    </ClInclude>
    <ClInclude Include="vendor\glm\glm\gtx\handed_coordinate_space.hpp">
      <Filter>vendor\glm\glm\gtx</Filter>
    </ClInclude>
    <ClInclude Include="vendor\glm\glm\gtx\handed_coordinate_space.inl">
      <Filter>vendor\glm\glm\gtx</Filter>
    </ClInclude>
    <ClInclude Include="vendor\glm\glm\gtx\hash.hpp">
      <Filter>vendor\glm\glm\gtx</Filter>
    </ClInclude>
    <ClInclude Include="vendor\glm\glm\gtx\hash.inl">
      <Filter>vendor\glm\glm\gtx</Filter>
    </ClInclude>
    <ClInclude Include="vendor\glm\glm\gtx\integer.hpp">
      <Filter>vendor\glm\glm\gtx</Filter>
    </ClInclude>
    <ClInclude Include="vendor\glm\glm\gtx\integer.inl">
      <Filter>vendor\glm\glm\gtx</Filter>
    </ClInclude>
    <ClInclude Include="vendor\glm\glm\gtx\intersect.hpp">
      <Filter>vendor\glm\glm\gtx</Filter>
    </ClInclude>
    <ClInclude Include="vendor\glm\glm\gtx\intersect.inl">
      <Filter>vendor\glm\glm\gtx</Filter>
    </ClInclude>
    <ClInclude Include="vendor\glm\glm\gtx\io.hpp">
      <Filter>vendor\glm\glm\gtx</Filter>
    </ClInclude>
    <ClInclude Include="vendor\glm\glm\gtx\io.inl">
      <Filter>vendor\glm\glm\gtx</Filter>
    </ClInclude>
    <ClInclude Include="vendor\glm\glm\gtx\log_base.hpp">
      <Filter>vendor\glm\glm\gtx</Filter>
    </ClInclude>
    <ClInclude Include="vendor\glm\glm\gtx\log_base.inl">
      <Filter>vendor\glm\glm\gtx</Filter>
    </ClInclude>
    <ClInclude Include="vendor\glm\glm\gtx\matrix_cross_product.hpp">
      <Filter>vendor\glm\glm\gtx</Filter>
    </ClInclude>
    <ClInclude Include="vendor\glm\glm\gtx\matrix_cross_product.inl">
      <Filter>vendor\glm\glm\gtx</Filter>
    </ClInclude>
    <ClInclude Include="vendor\glm\glm\gtx\matrix_decompose.hpp">
      <Filter>vendor\glm\glm\gtx</Filter>
    </ClInclude>
    <ClInclude Include="vendor\glm\glm\gtx\matrix_decompose.inl">
      <Filter>vendor\glm\glm\gtx</Filter>
    </ClInclude>
    <ClInclude Include="vendor\glm\glm\gtx\matrix_factorisation.hpp">
      <Filter>vendor\glm\glm\gtx</Filter>
    </ClInclude>
    <ClInclude Include="vendor\glm\glm\gtx\matrix_factorisation.inl">
      <Filter>vendor\glm\glm\gtx</Filter>
    </ClInclude>
    <ClInclude Include="vendor\glm\glm\gtx\matrix_interpolation.hpp">
      <Filter>vendor\glm\glm\gtx</Filter>
    </ClInclude>
    <ClInclude Include="vendor\glm\glm\gtx\matrix_interpolation.inl">
      <Filter>vendor\glm\glm\gtx</Filter>
    </ClInclude>
    <ClInclude Include="vendor\glm\glm\gtx\matrix_major_storage.hpp">
      <Filter>vendor\glm\glm\gtx</Filter>
    </ClInclude>
    <ClInclude Include="vendor\glm\glm\gtx\matrix_major_storage.inl">
      <Filter>vendor\glm\glm\gtx</Filter>
    </ClInclude>
    <ClInclude Include="vendor\glm\glm\gtx\matrix_operation.hpp">
      <Filter>vendor\glm\glm\gtx</Filter>
    </ClInclude>
    <ClInclude Include="vendor\glm\glm\gtx\matrix_operation.inl">
      <Filter>vendor\glm\glm\gtx</Filter>
    </ClInclude>
    <ClInclude Include="vendor\glm\glm\gtx\matrix_query.hpp">
      <Filter>vendor\glm\glm\gtx</Filter>
    </ClInclude>
    <ClInclude Include="vendor\glm\glm\gtx\matrix_query.inl">
      <Filter>vendor\glm\glm\gtx</Filter>
    </ClInclude>
    <ClInclude Include="vendor\glm\glm\gtx\matrix_transform_2d.hpp">
      <Filter>vendor\glm\glm\gtx</Filter>
    </ClInclude>
    <ClInclude Include="vendor\glm\glm\gtx\matrix_transform_2d.inl">
      <Filter>vendor\glm\glm\gtx</Filter>
    </ClInclude>
    <ClInclude Include="vendor\glm\glm\gtx\mixed_product.hpp">
      <Filter>vendor\glm\glm\gtx</Filter>
    </ClInclude>
    <ClInclude Include="vendor\glm\glm\gtx\mixed_product.inl">
      <Filter>vendor\glm\glm\gtx</Filter>
    </ClInclude>
    <ClInclude Include="vendor\glm\glm\gtx\norm.hpp">
      <Filter>vendor\glm\glm\gtx</Filter>
    </ClInclude>
    <ClInclude Include="vendor\glm\glm\gtx\norm.inl">
      <Filter>vendor\glm\glm\gtx</Filter>
    </ClInclude>
    <ClInclude Include="vendor\glm\glm\gtx\normal.hpp">
      <Filter>vendor\glm\glm\gtx</Filter>
    </ClInclude>
    <ClInclude Include="vendor\glm\glm\gtx\normal.inl">
      <Filter>vendor\glm\glm\gtx</Filter>
    </ClInclude>
    <ClInclude Include="vendor\glm\glm\gtx\normalize_dot.hpp">
      <Filter>vendor\glm\glm\gtx</Filter>
    </ClInclude>
    <ClInclude Include="vendor\glm\glm\gtx\normalize_dot.inl">
      <Filter>vendor\glm\glm\gtx</Filter>
    </ClInclude>
    <ClInclude Include="vendor\glm\glm\gtx\number_precision.hpp">
      <Filter>vendor\glm\glm\gtx</Filter>
    </ClInclude>
    <ClInclude Include="vendor\glm\glm\gtx\optimum_pow.hpp">
      <Filter>vendor\glm\glm\gtx</Filter>
    </ClInclude>
    <ClInclude Include="vendor\glm\glm\gtx\optimum_pow.inl">
      <Filter>vendor\glm\glm\gtx</Filter>
    </ClInclude>
    <ClInclude Include="vendor\glm\glm\gtx\orthonormalize.hpp">
      <Filter>vendor\glm\glm\gtx</Filter>
    </ClInclude>
    <ClInclude Include="vendor\glm\glm\gtx\orthonormalize.inl">
      <Filter>vendor\glm\glm\gtx</Filter>
    </ClInclude>
    <ClInclude Include="vendor\glm\glm\gtx\pca.hpp">
      <Filter>vendor\glm\glm\gtx</Filter>
    </ClInclude>
    <ClInclude Include="vendor\glm\glm\gtx\pca.inl">
      <Filter>vendor\glm\glm\gtx</Filter>
    </ClInclude>
    <ClInclude Include="vendor\glm\glm\gtx\perpendicular.hpp">
      <Filter>vendor\glm\glm\gtx</Filter>
    </ClInclude>
    <ClInclude Include="vendor\glm\glm\gtx\perpendicular.inl">
      <Filter>vendor\glm\glm\gtx</Filter>
    </ClInclude>
    <ClInclude Include="vendor\glm\glm\gtx\polar_coordinates.hpp">
      <Filter>vendor\glm\glm\gtx</Filter>
    </ClInclude>
    <ClInclude Include="vendor\glm\glm\gtx\polar_coordinates.inl">
      <Filter>vendor\glm\glm\gtx</Filter>
    </ClInclude>
    <ClInclude Include="vendor\glm\glm\gtx\projection.hpp">
      <Filter>vendor\glm\glm\gtx</Filter>
    </ClInclude>
    <ClInclude Include="vendor\glm\glm\gtx\projection.inl">
      <Filter>vendor\glm\glm\gtx</Filter>
    </ClInclude>
    <ClInclude Include="vendor\glm\glm\gtx\quaternion.hpp">
      <Filter>vendor\glm\glm\gtx</Filter>
    </ClInclude>
    <ClInclude Include="vendor\glm\glm\gtx\quaternion.inl">
      <Filter>vendor\glm\glm\gtx</Filter>
    </ClInclude>
    <ClInclude Include="vendor\glm\glm\gtx\range.hpp">
      <Filter>vendor\glm\glm\gtx</Filter>
    </ClInclude>
    <ClInclude Include="vendor\glm\glm\gtx\raw_data.hpp">
      <Filter>vendor\glm\glm\gtx</Filter>
    </ClInclude>
    <ClInclude Include="vendor\glm\glm\gtx\raw_data.inl">
      <Filter>vendor\glm\glm\gtx</Filter>
    </ClInclude>
    <ClInclude Include="vendor\glm\glm\gtx\rotate_normalized_axis.hpp">
      <Filter>vendor\glm\glm\gtx</Filter>
    </ClInclude>
    <ClInclude Include="vendor\glm\glm\gtx\rotate_normalized_axis.inl">
      <Filter>vendor\glm\glm\gtx</Filter>
    </ClInclude>
    <ClInclude Include="vendor\glm\glm\gtx\rotate_vector.hpp">
      <Filter>vendor\glm\glm\gtx</Filter>
    </ClInclude>
    <ClInclude Include="vendor\glm\glm\gtx\rotate_vector.inl">
      <Filter>vendor\glm\glm\gtx</Filter>
    </ClInclude>
    <ClInclude Include="vendor\glm\glm\gtx\scalar_multiplication.hpp">
      <Filter>vendor\glm\glm\gtx</Filter>
    </ClInclude>
    <ClInclude Include="vendor\glm\glm\gtx\scalar_relational.hpp">
      <Filter>vendor\glm\glm\gtx</Filter>
    </ClInclude>
    <ClInclude Include="vendor\glm\glm\gtx\scalar_relational.inl">
      <Filter>vendor\glm\glm\gtx</Filter>
    </ClInclude>
    <ClInclude Include="vendor\glm\glm\gtx\spline.hpp">
      <Filter>vendor\glm\glm\gtx</Filter>
    </ClInclude>
    <ClInclude Include="vendor\glm\glm\gtx\spline.inl">
      <Filter>vendor\glm\glm\gtx</Filter>
    </ClInclude>
    <ClInclude Include="vendor\glm\glm\gtx\std_based_type.hpp">
      <Filter>vendor\glm\glm\gtx</Filter>
    </ClInclude>
    <ClInclude Include="vendor\glm\glm\gtx\std_based_type.inl">
      <Filter>vendor\glm\glm\gtx</Filter>
    </ClInclude>
    <ClInclude Include="vendor\glm\glm\gtx\string_cast.hpp">
      <Filter>vendor\glm\glm\gtx</Filter>
    </ClInclude>
    <ClInclude Include="vendor\glm\glm\gtx\string_cast.inl">
      <Filter>vendor\glm\glm\gtx</Filter>
    </ClInclude>
    <ClInclude Include="vendor\glm\glm\gtx\structured_bindings.hpp">
      <Filter>vendor\glm\glm\gtx</Filter>
    </ClInclude>
    <ClInclude Include="vendor\glm\glm\gtx\structured_bindings.inl">
      <Filter>vendor\glm\glm\gtx</Filter>
    </ClInclude>
    <ClInclude Include="vendor\glm\glm\gtx\texture.hpp">
      <Filter>vendor\glm\glm\gtx</Filter>
    </ClInclude>
    <ClInclude Include="vendor\glm\glm\gtx\texture.inl">
      <Filter>vendor\glm\glm\gtx</Filter>
    </ClInclude>
    <ClInclude Include="vendor\glm\glm\gtx\transform.hpp">
      <Filter>vendor\glm\glm\gtx</Filter>
    </ClInclude>
    <ClInclude Include="vendor\glm\glm\gtx\transform.inl">
      <Filter>vendor\glm\glm\gtx</Filter>
    </ClInclude>
    <ClInclude Include="vendor\glm\glm\gtx\transform2.hpp">
      <Filter>vendor\glm\glm\gtx</Filter>
    </ClInclude>
    <ClInclude Include="vendor\glm\glm\gtx\transform2.inl">
      <Filter>vendor\glm\glm\gtx</Filter>
    </ClInclude>
    <ClInclude Include="vendor\glm\glm\gtx\type_aligned.hpp">
      <Filter>vendor\glm\glm\gtx</Filter>
    </ClInclude>
    <ClInclude Include="vendor\glm\glm\gtx\type_aligned.inl">
      <Filter>vendor\glm\glm\gtx</Filter>
    </ClInclude>
    <ClInclude Include="vendor\glm\glm\gtx\type_trait.hpp">
      <Filter>vendor\glm\glm\gtx</Filter>
    </ClInclude>
    <ClInclude Include="vendor\glm\glm\gtx\type_trait.inl">
      <Filter>vendor\glm\glm\gtx</Filter>
    </ClInclude>
    <ClInclude Include="vendor\glm\glm\gtx\vec_swizzle.hpp">
      <Filter>vendor\glm\glm\gtx</Filter>
    </ClInclude>
    <ClInclude Include="vendor\glm\glm\gtx\vector_angle.hpp">
      <Filter>vendor\glm\glm\gtx</Filter>
    </ClInclude>
    <ClInclude Include="vendor\glm\glm\gtx\vector_angle.inl">
      <Filter>vendor\glm\glm\gtx</Filter>
    </ClInclude>
    <ClInclude Include="vendor\glm\glm\gtx\vector_query.hpp">
      <Filter>vendor\glm\glm\gtx</Filter>
    </ClInclude>
    <ClInclude Include="vendor\glm\glm\gtx\vector_query.inl">
      <Filter>vendor\glm\glm\gtx</Filter>
    </ClInclude>
    <ClInclude Include="vendor\glm\glm\gtx\wrap.hpp">
      <Filter>vendor\glm\glm\gtx</Filter>
    </ClInclude>
    <ClInclude Include="vendor\glm\glm\gtx\wrap.inl">
      <Filter>vendor\glm\glm\gtx</Filter>
    </ClInclude>
    <ClInclude Include="vendor\glm\glm\integer.hpp">
      <Filter>vendor\glm\glm</Filter>
    </ClInclude>
    <ClInclude Include="vendor\glm\glm\mat2x2.hpp">
      <Filter>vendor\glm\glm</Filter>
    </ClInclude>
    <ClInclude Include="vendor\glm\glm\mat2x3.hpp">
      <Filter>vendor\glm\glm</Filter>
    </ClInclude>
    <ClInclude Include="vendor\glm\glm\mat2x4.hpp">
      <Filter>vendor\glm\glm</Filter>
    </ClInclude>
    <ClInclude Include="vendor\glm\glm\mat3x2.hpp">
      <Filter>vendor\glm\glm</Filter>
    </ClInclude>
    <ClInclude Include="vendor\glm\glm\mat3x3.hpp">
      <Filter>vendor\glm\glm</Filter>
    </ClInclude>
    <ClInclude Include="vendor\glm\glm\mat3x4.hpp">
      <Filter>vendor\glm\glm</Filter>
    </ClInclude>
    <ClInclude Include="vendor\glm\glm\mat4x2.hpp">
      <Filter>vendor\glm\glm</Filter>
    </ClInclude>
    <ClInclude Include="vendor\glm\glm\mat4x3.hpp">
      <Filter>vendor\glm\glm</Filter>
    </ClInclude>
    <ClInclude Include="vendor\glm\glm\mat4x4.hpp">
      <Filter>vendor\glm\glm</Filter>
    </ClInclude>
    <ClInclude Include="vendor\glm\glm\matrix.hpp">
      <Filter>vendor\glm\glm</Filter>
    </ClInclude>
    <ClInclude Include="vendor\glm\glm\packing.hpp">
      <Filter>vendor\glm\glm</Filter>
    </ClInclude>
    <ClInclude Include="vendor\glm\glm\trigonometric.hpp">
      <Filter>vendor\glm\glm</Filter>
    </ClInclude>
    <ClInclude Include="vendor\glm\glm\vec2.hpp">
      <Filter>vendor\glm\glm</Filter>
    </ClInclude>
    <ClInclude Include="vendor\glm\glm\vec3.hpp">
      <Filter>vendor\glm\glm</Filter>
    </ClInclude>
    <ClInclude Include="vendor\glm\glm\vec4.hpp">
      <Filter>vendor\glm\glm</Filter>
    </ClInclude>
    <ClInclude Include="vendor\glm\glm\vector_relational.hpp">
      <Filter>vendor\glm\glm</Filter>
    </ClInclude>
    <ClInclude Include="vendor\stb_image\stb_image.h">
      <Filter>vendor\stb_image</Filter>
    </ClInclude>
    <ClInclude Include="src\Strand\Physics\Dynamics\DynamicsSpace.h" />
    <ClInclude Include="src\Strand\Physics\Collision\CollisionSpace.h" />
    <ClInclude Include="src\Strand\Physics\Collision\CollisionObject.h" />
    <ClInclude Include="src\Strand\Physics\Collision\Collider.h" />
    <ClInclude Include="src\Strand\Core\Common.h" />
    <ClInclude Include="src\Strand\Physics\AABB.h" />
    <ClInclude Include="src\Strand\Core\PolygonCommon.h" />
    <ClInclude Include="src\Strand\Physics\Collision\Solver.h" />
    <ClInclude Include="src\Strand\Physics\Collision\ManifoldPoints.h" />
    <ClInclude Include="src\Strand\Physics\Collision\Manifold.h" />
    <ClInclude Include="src\Strand\Physics\Collision\TestCollision.h" />
    <ClInclude Include="src\Strand\Utils\Thread_pool.h" />
    <ClInclude Include="src\Strand\Utils\Blocking_queue.h" />
  </ItemGroup>
  <ItemGroup>
    <ClCompile Include="src\Platform\OpenGL\OpenGLBuffer.cpp">
      <Filter>src\Platform\OpenGL</Filter>
    </ClCompile>
    <ClCompile Include="src\Platform\OpenGL\OpenGLContext.cpp">
      <Filter>src\Platform\OpenGL</Filter>
    </ClCompile>
    <ClCompile Include="src\Platform\OpenGL\OpenGLFramebuffer.cpp">
      <Filter>src\Platform\OpenGL</Filter>
    </ClCompile>
    <ClCompile Include="src\Platform\OpenGL\OpenGLRendererAPI.cpp">
      <Filter>src\Platform\OpenGL</Filter>
    </ClCompile>
    <ClCompile Include="src\Platform\OpenGL\OpenGLShader.cpp">
      <Filter>src\Platform\OpenGL</Filter>
    </ClCompile>
    <ClCompile Include="src\Platform\OpenGL\OpenGLTexture.cpp">
      <Filter>src\Platform\OpenGL</Filter>
    </ClCompile>
    <ClCompile Include="src\Platform\OpenGL\OpenGLTextureLoader.cpp">
      <Filter>src\Platform\OpenGL</Filter>
    </ClCompile>
    <ClCompile Include="src\Platform\OpenGL\OpenGLUniformBuffer.cpp">
      <Filter>src\Platform\OpenGL</Filter>
    </ClCompile>
    <ClCompile Include="src\Platform\OpenGL\OpenGLVertexArray.cpp">
      <Filter>src\Platform\OpenGL</Filter>
    </ClCompile>
    <ClCompile Include="src\Platform\Windows\WindowsInput.cpp">
      <Filter>src\Platform\Windows</Filter>
    </ClCompile>
    <ClCompile Include="src\Platform\Windows\WindowsPlatformUtils.cpp">
      <Filter>src\Platform\Windows</Filter>
    </ClCompile>
    <ClCompile Include="src\Platform\Windows\WindowsWindow.cpp">
      <Filter>src\Platform\Windows</Filter>
    </ClCompile>
    <ClCompile Include="src\Strand\Core\Application.cpp">
      <Filter>src\Strand\Core</Filter>
    </ClCompile>
    <ClCompile Include="src\Strand\Core\Layer.cpp">
      <Filter>src\Strand\Core</Filter>
    </ClCompile>
    <ClCompile Include="src\Strand\Core\LayerStack.cpp">
      <Filter>src\Strand\Core</Filter>
    </ClCompile>
    <ClCompile Include="src\Strand\Core\Log.cpp">
      <Filter>src\Strand\Core</Filter>
    </ClCompile>
    <ClCompile Include="src\Strand\Core\UUID.cpp">
      <Filter>src\Strand\Core</Filter>
    </ClCompile>
    <ClCompile Include="src\Strand\Core\Window.cpp">
      <Filter>src\Strand\Core</Filter>
    </ClCompile>
    <ClCompile Include="src\Strand\ImGui\ImGuiBuild.cpp">
      <Filter>src\Strand\ImGui</Filter>
    </ClCompile>
    <ClCompile Include="src\Strand\ImGui\ImGuiLayer.cpp">
      <Filter>src\Strand\ImGui</Filter>
    </ClCompile>
    <ClCompile Include="src\Strand\Math\Math.cpp">
      <Filter>src\Strand\Math</Filter>
    </ClCompile>
    <ClCompile Include="src\Strand\Renderer\Buffer.cpp">
      <Filter>src\Strand\Renderer</Filter>
    </ClCompile>
    <ClCompile Include="src\Strand\Renderer\EditorCamera.cpp">
      <Filter>src\Strand\Renderer</Filter>
    </ClCompile>
    <ClCompile Include="src\Strand\Renderer\Framebuffer.cpp">
      <Filter>src\Strand\Renderer</Filter>
    </ClCompile>
    <ClCompile Include="src\Strand\Renderer\GraphicsContext.cpp">
      <Filter>src\Strand\Renderer</Filter>
    </ClCompile>
    <ClCompile Include="src\Strand\Renderer\Material.cpp">
      <Filter>src\Strand\Renderer</Filter>
    </ClCompile>
    <ClCompile Include="src\Strand\Renderer\MaterialLibrary.cpp">
      <Filter>src\Strand\Renderer</Filter>
    </ClCompile>
    <ClCompile Include="src\Strand\Renderer\Mesh.cpp">
      <Filter>src\Strand\Renderer</Filter>
    </ClCompile>
    <ClCompile Include="src\Strand\Renderer\Model.cpp">
      <Filter>src\Strand\Renderer</Filter>
    </ClCompile>
    <ClCompile Include="src\Strand\Renderer\OrthographicCamera.cpp">
      <Filter>src\Strand\Renderer</Filter>
    </ClCompile>
    <ClCompile Include="src\Strand\Renderer\OrthographicCameraController.cpp">
      <Filter>src\Strand\Renderer</Filter>
    </ClCompile>
    <ClCompile Include="src\Strand\Renderer\RenderCommand.cpp">
      <Filter>src\Strand\Renderer</Filter>
    </ClCompile>
    <ClCompile Include="src\Strand\Renderer\Renderer.cpp">
      <Filter>src\Strand\Renderer</Filter>
    </ClCompile>
    <ClCompile Include="src\Strand\Renderer\Renderer2D.cpp">
      <Filter>src\Strand\Renderer</Filter>
    </ClCompile>
    <ClCompile Include="src\Strand\Renderer\Renderer3D.cpp">
      <Filter>src\Strand\Renderer</Filter>
    </ClCompile>
    <ClCompile Include="src\Strand\Renderer\RendererAPI.cpp">
      <Filter>src\Strand\Renderer</Filter>
    </ClCompile>
    <ClCompile Include="src\Strand\Renderer\Shader.cpp">
      <Filter>src\Strand\Renderer</Filter>
    </ClCompile>
    <ClCompile Include="src\Strand\Renderer\Texture.cpp">
      <Filter>src\Strand\Renderer</Filter>
    </ClCompile>
    <ClCompile Include="src\Strand\Renderer\UniformBuffer.cpp">
      <Filter>src\Strand\Renderer</Filter>
    </ClCompile>
    <ClCompile Include="src\Strand\Renderer\VertexArray.cpp">
      <Filter>src\Strand\Renderer</Filter>
    </ClCompile>
    <ClCompile Include="src\Strand\Scene\Entity.cpp">
      <Filter>src\Strand\Scene</Filter>
    </ClCompile>
    <ClCompile Include="src\Strand\Scene\Scene.cpp">
      <Filter>src\Strand\Scene</Filter>
    </ClCompile>
    <ClCompile Include="src\Strand\Scene\SceneCamera.cpp">
      <Filter>src\Strand\Scene</Filter>
    </ClCompile>
    <ClCompile Include="src\Strand\Scene\SceneSerializer.cpp">
      <Filter>src\Strand\Scene</Filter>
    </ClCompile>
    <ClCompile Include="src\sdpch.cpp">
      <Filter>src</Filter>
    </ClCompile>
    <ClCompile Include="vendor\ImGuizmo\ImGuizmo.cpp">
      <Filter>vendor\ImGuizmo</Filter>
    </ClCompile>
    <ClCompile Include="vendor\stb_image\stb_image.cpp">
      <Filter>vendor\stb_image</Filter>
    </ClCompile>
    <ClCompile Include="src\Strand\Physics\Dynamics\DynamicsSpace.cpp" />
    <ClCompile Include="src\Strand\Physics\Collision\CollisionSpace.cpp" />
    <ClCompile Include="src\Strand\Physics\Collision\CollisionObject.cpp" />
    <ClCompile Include="src\Strand\Physics\Collision\TestCollision.cpp" />
  </ItemGroup>
</Project>