<?xml version="1.0" encoding="utf-8"?>
<Project ToolsVersion="4.0" xmlns="http://schemas.microsoft.com/developer/msbuild/2003">
  <ItemGroup>
    <Filter Include="GMCore">
      <UniqueIdentifier>{E24C15B3-CEEE-3F89-B7A9-53DDA3EAC6D9}</UniqueIdentifier>
    </Filter>
    <Filter Include="GMCore\Events">
      <UniqueIdentifier>{86663BB2-F226-B7E8-BB61-006627E1FBC4}</UniqueIdentifier>
    </Filter>
    <Filter Include="GMCore\ImGui">
      <UniqueIdentifier>{8C63D0A0-78C6-5F45-214C-98FB0D8E2BC8}</UniqueIdentifier>
    </Filter>
    <Filter Include="Platform">
      <UniqueIdentifier>{2AC788B4-1694-E3BF-3FAD-D1672BD9184E}</UniqueIdentifier>
    </Filter>
    <Filter Include="Platform\OpenGL">
      <UniqueIdentifier>{1E7D2C1D-8A08-9AE1-9319-1DD6FF23F6E1}</UniqueIdentifier>
    </Filter>
    <Filter Include="Platform\Windows">
      <UniqueIdentifier>{64FBD71A-50F4-F66C-7926-DCF1657ED678}</UniqueIdentifier>
    </Filter>
  </ItemGroup>
  <ItemGroup>
    <ClInclude Include="src\GMCore.h" />
    <ClInclude Include="src\GMCore\Application.h">
      <Filter>GMCore</Filter>
    </ClInclude>
    <ClInclude Include="src\GMCore\Core.h">
      <Filter>GMCore</Filter>
    </ClInclude>
    <ClInclude Include="src\GMCore\EntryPoint.h">
      <Filter>GMCore</Filter>
    </ClInclude>
    <ClInclude Include="src\GMCore\Events\ApplicationEvent.h">
      <Filter>GMCore\Events</Filter>
    </ClInclude>
    <ClInclude Include="src\GMCore\Events\Event.h">
      <Filter>GMCore\Events</Filter>
    </ClInclude>
    <ClInclude Include="src\GMCore\Events\KeyEvent.h">
      <Filter>GMCore\Events</Filter>
    </ClInclude>
    <ClInclude Include="src\GMCore\Events\MouseEvent.h">
      <Filter>GMCore\Events</Filter>
    </ClInclude>
    <ClInclude Include="src\GMCore\ImGui\ImGuiLayer.h">
      <Filter>GMCore\ImGui</Filter>
    </ClInclude>
    <ClInclude Include="src\GMCore\Layer.h">
      <Filter>GMCore</Filter>
    </ClInclude>
    <ClInclude Include="src\GMCore\LayerStack.h">
      <Filter>GMCore</Filter>
    </ClInclude>
    <ClInclude Include="src\GMCore\Log.h">
      <Filter>GMCore</Filter>
    </ClInclude>
    <ClInclude Include="src\GMCore\Window.h">
      <Filter>GMCore</Filter>
    </ClInclude>
    <ClInclude Include="src\Platform\OpenGL\ImGuiOpenGLRenderer.h">
      <Filter>Platform\OpenGL</Filter>
    </ClInclude>
    <ClInclude Include="src\Platform\Windows\WindowsWindow.h">
      <Filter>Platform\Windows</Filter>
    </ClInclude>
    <ClInclude Include="src\gmcpch.h" />
  </ItemGroup>
  <ItemGroup>
    <ClCompile Include="src\GMCore\Application.cpp">
      <Filter>GMCore</Filter>
    </ClCompile>
    <ClCompile Include="src\GMCore\ImGui\ImGuiLayer.cpp">
      <Filter>GMCore\ImGui</Filter>
    </ClCompile>
    <ClCompile Include="src\GMCore\Layer.cpp">
      <Filter>GMCore</Filter>
    </ClCompile>
    <ClCompile Include="src\GMCore\LayerStack.cpp">
      <Filter>GMCore</Filter>
    </ClCompile>
    <ClCompile Include="src\GMCore\Log.cpp">
      <Filter>GMCore</Filter>
    </ClCompile>
    <ClCompile Include="src\Platform\OpenGL\ImGuiOpenGLRenderer.cpp">
      <Filter>Platform\OpenGL</Filter>
    </ClCompile>
    <ClCompile Include="src\Platform\Windows\WindowsWindow.cpp">
      <Filter>Platform\Windows</Filter>
    </ClCompile>
    <ClCompile Include="src\gmcpch.cpp" />
  </ItemGroup>
</Project>