<?xml version="1.0" encoding="utf-8"?>
<Project ToolsVersion="4.0" xmlns="http://schemas.microsoft.com/developer/msbuild/2003">
  <ItemGroup>
    <Filter Include="GMCore">
      <UniqueIdentifier>{E24C15B3-CEEE-3F89-B7A9-53DDA3EAC6D9}</UniqueIdentifier>
    </Filter>
    <Filter Include="GMCore\Events">
      <UniqueIdentifier>{86663BB2-F226-B7E8-BB61-006627E1FBC4}</UniqueIdentifier>
    </Filter>
    <Filter Include="GMCore\Platform">
      <UniqueIdentifier>{7627CD4A-E2B2-3A0F-EBC3-BD0357CE960F}</UniqueIdentifier>
    </Filter>
    <Filter Include="GMCore\Platform\Windows">
      <UniqueIdentifier>{B0E76DF4-1C1F-B68B-2529-1AAF91DFDC84}</UniqueIdentifier>
    </Filter>
  </ItemGroup>
  <ItemGroup>
    <ClInclude Include="src\GMCore.h" />
    <ClInclude Include="src\GMCore\Application.h">
      <Filter>GMCore</Filter>
    </ClInclude>
    <ClInclude Include="src\GMCore\Core.h">
      <Filter>GMCore</Filter>
    </ClInclude>
    <ClInclude Include="src\GMCore\EntryPoint.h">
      <Filter>GMCore</Filter>
    </ClInclude>
    <ClInclude Include="src\GMCore\Events\ApplicationEvent.h">
      <Filter>GMCore\Events</Filter>
    </ClInclude>
    <ClInclude Include="src\GMCore\Events\Event.h">
      <Filter>GMCore\Events</Filter>
    </ClInclude>
    <ClInclude Include="src\GMCore\Events\KeyEvent.h">
      <Filter>GMCore\Events</Filter>
    </ClInclude>
    <ClInclude Include="src\GMCore\Events\MouseEvent.h">
      <Filter>GMCore\Events</Filter>
    </ClInclude>
    <ClInclude Include="src\GMCore\Layer.h">
      <Filter>GMCore</Filter>
    </ClInclude>
    <ClInclude Include="src\GMCore\LayerStack.h">
      <Filter>GMCore</Filter>
    </ClInclude>
    <ClInclude Include="src\GMCore\Log.h">
      <Filter>GMCore</Filter>
    </ClInclude>
    <ClInclude Include="src\GMCore\Platform\Windows\WindowsWindow.h">
      <Filter>GMCore\Platform\Windows</Filter>
    </ClInclude>
    <ClInclude Include="src\GMCore\Window.h">
      <Filter>GMCore</Filter>
    </ClInclude>
    <ClInclude Include="src\gmcpch.h" />
  </ItemGroup>
  <ItemGroup>
    <ClCompile Include="src\GMCore\Application.cpp">
      <Filter>GMCore</Filter>
    </ClCompile>
    <ClCompile Include="src\GMCore\Layer.cpp">
      <Filter>GMCore</Filter>
    </ClCompile>
    <ClCompile Include="src\GMCore\LayerStack.cpp">
      <Filter>GMCore</Filter>
    </ClCompile>
    <ClCompile Include="src\GMCore\Log.cpp">
      <Filter>GMCore</Filter>
    </ClCompile>
    <ClCompile Include="src\GMCore\Platform\Windows\WindowsWindow.cpp">
      <Filter>GMCore\Platform\Windows</Filter>
    </ClCompile>
    <ClCompile Include="src\gmcpch.cpp" />
  </ItemGroup>
</Project>