<?xml version="1.0" encoding="utf-8"?>
<Project ToolsVersion="4.0" xmlns="http://schemas.microsoft.com/developer/msbuild/2003">
  <ItemGroup>
    <Filter Include="GMCore">
      <UniqueIdentifier>{E24C15B3-CEEE-3F89-B7A9-53DDA3EAC6D9}</UniqueIdentifier>
    </Filter>
    <Filter Include="GMCore\Events">
      <UniqueIdentifier>{86663BB2-F226-B7E8-BB61-006627E1FBC4}</UniqueIdentifier>
    </Filter>
  </ItemGroup>
  <ItemGroup>
    <ClInclude Include="src\GMCore.h" />
    <ClInclude Include="src\GMCore\Application.h">
      <Filter>GMCore</Filter>
    </ClInclude>
    <ClInclude Include="src\GMCore\Core.h">
      <Filter>GMCore</Filter>
    </ClInclude>
    <ClInclude Include="src\GMCore\EntryPoint.h">
      <Filter>GMCore</Filter>
    </ClInclude>
    <ClInclude Include="src\GMCore\Events\ApplicationEvent.h">
      <Filter>GMCore\Events</Filter>
    </ClInclude>
    <ClInclude Include="src\GMCore\Events\Event.h">
      <Filter>GMCore\Events</Filter>
    </ClInclude>
    <ClInclude Include="src\GMCore\Events\KeyEvent.h">
      <Filter>GMCore\Events</Filter>
    </ClInclude>
    <ClInclude Include="src\GMCore\Events\MouseEvent.h">
      <Filter>GMCore\Events</Filter>
    </ClInclude>
    <ClInclude Include="src\GMCore\Log.h">
      <Filter>GMCore</Filter>
    </ClInclude>
    <ClInclude Include="src\gmcpch.h" />
    <ClInclude Include="src\GMCore\Window.h" />
    <ClInclude Include="src\GMCore\Platform\Windows\WindowsWindow.h" />
  </ItemGroup>
  <ItemGroup>
    <ClCompile Include="src\GMCore\Application.cpp">
      <Filter>GMCore</Filter>
    </ClCompile>
    <ClCompile Include="src\GMCore\Log.cpp">
      <Filter>GMCore</Filter>
    </ClCompile>
    <ClCompile Include="src\gmcpch.cpp" />
    <ClCompile Include="src\GMCore\Platform\Windows\WindowsWindow.cpp" />
  </ItemGroup>
</Project>